
Microsoft Visual Studio Solution File, Format Version 12.00
# Visual Studio Version 16
VisualStudioVersion = 16.0.810.7
MinimumVisualStudioVersion = 10.0.40219.1
Project("{2150E333-8FDC-42A3-9474-1A3956D46DE8}") = "Solution Items", "Solution Items", "{AF132DF2-94A7-49B1-A5D5-39555B932918}"
	ProjectSection(SolutionItems) = preProject
		.dockerignore = .dockerignore
		docker-compose.yml = docker-compose.yml
		README.md = README.md
	EndProjectSection
EndProject
Project("{2150E333-8FDC-42A3-9474-1A3956D46DE8}") = "scripts", "scripts", "{D6017077-3E72-45CB-8F79-00E4A0F82651}"
EndProject
Project("{2150E333-8FDC-42A3-9474-1A3956D46DE8}") = "db", "db", "{C8C5A257-62FE-44BF-BC27-E41D84DEA9D6}"
	ProjectSection(SolutionItems) = preProject
		scripts\db\v0_qualis.sql = scripts\db\v0_qualis.sql
	EndProjectSection
EndProject
Project("{FAE04EC0-301F-11D3-BF4B-00C04F79EFBC}") = "confinder.console", "confinder.console\confinder.console.csproj", "{900E8EB7-DA81-46FC-9E68-0A0953E24FA7}"
EndProject
Project("{FAE04EC0-301F-11D3-BF4B-00C04F79EFBC}") = "confinder.api", "confinder.api\confinder.api.csproj", "{499AF275-F65A-4564-87A0-C736E71AB266}"
EndProject
Project("{FAE04EC0-301F-11D3-BF4B-00C04F79EFBC}") = "confinder.application", "confinder.application\confinder.application.csproj", "{C5E987CC-B91C-4DC0-9A2C-08E0914ED478}"
EndProject
Project("{FAE04EC0-301F-11D3-BF4B-00C04F79EFBC}") = "confinder.application.tests", "confinder.application.tests\confinder.application.tests.csproj", "{732BACD0-71E6-4809-B99F-6E2B03AA84A7}"
EndProject
Global
	GlobalSection(SolutionConfigurationPlatforms) = preSolution
		Debug|Any CPU = Debug|Any CPU
		Release|Any CPU = Release|Any CPU
	EndGlobalSection
	GlobalSection(ProjectConfigurationPlatforms) = postSolution
		{900E8EB7-DA81-46FC-9E68-0A0953E24FA7}.Debug|Any CPU.ActiveCfg = Debug|Any CPU
		{900E8EB7-DA81-46FC-9E68-0A0953E24FA7}.Debug|Any CPU.Build.0 = Debug|Any CPU
		{900E8EB7-DA81-46FC-9E68-0A0953E24FA7}.Release|Any CPU.ActiveCfg = Release|Any CPU
		{900E8EB7-DA81-46FC-9E68-0A0953E24FA7}.Release|Any CPU.Build.0 = Release|Any CPU
		{499AF275-F65A-4564-87A0-C736E71AB266}.Debug|Any CPU.ActiveCfg = Debug|Any CPU
		{499AF275-F65A-4564-87A0-C736E71AB266}.Debug|Any CPU.Build.0 = Debug|Any CPU
		{499AF275-F65A-4564-87A0-C736E71AB266}.Release|Any CPU.ActiveCfg = Release|Any CPU
		{499AF275-F65A-4564-87A0-C736E71AB266}.Release|Any CPU.Build.0 = Release|Any CPU
		{C5E987CC-B91C-4DC0-9A2C-08E0914ED478}.Debug|Any CPU.ActiveCfg = Debug|Any CPU
		{C5E987CC-B91C-4DC0-9A2C-08E0914ED478}.Debug|Any CPU.Build.0 = Debug|Any CPU
		{C5E987CC-B91C-4DC0-9A2C-08E0914ED478}.Release|Any CPU.ActiveCfg = Release|Any CPU
		{C5E987CC-B91C-4DC0-9A2C-08E0914ED478}.Release|Any CPU.Build.0 = Release|Any CPU
		{732BACD0-71E6-4809-B99F-6E2B03AA84A7}.Debug|Any CPU.ActiveCfg = Debug|Any CPU
		{732BACD0-71E6-4809-B99F-6E2B03AA84A7}.Debug|Any CPU.Build.0 = Debug|Any CPU
		{732BACD0-71E6-4809-B99F-6E2B03AA84A7}.Release|Any CPU.ActiveCfg = Release|Any CPU
		{732BACD0-71E6-4809-B99F-6E2B03AA84A7}.Release|Any CPU.Build.0 = Release|Any CPU
	EndGlobalSection
	GlobalSection(SolutionProperties) = preSolution
		HideSolutionNode = FALSE
	EndGlobalSection
	GlobalSection(ExtensibilityGlobals) = postSolution
		SolutionGuid = {C900F35C-015E-4776-91C7-59E2F2118E77}
	EndGlobalSection
	GlobalSection(NestedProjects) = preSolution
		{D6017077-3E72-45CB-8F79-00E4A0F82651} = {AF132DF2-94A7-49B1-A5D5-39555B932918}
		{C8C5A257-62FE-44BF-BC27-E41D84DEA9D6} = {D6017077-3E72-45CB-8F79-00E4A0F82651}
	EndGlobalSection
EndGlobal
